
Microsoft Visual Studio Solution File, Format Version 11.00
# Visual Studio 2010
# SharpDevelop 5.1
Project("{FAE04EC0-301F-11D3-BF4B-00C04F79EFBC}") = "FetchXML2SQLv2", "FetchXML2SQLv2\FetchXML2SQLv2.csproj", "{67ED64B1-11CC-4C27-B2CB-4DEF00BA959F}"
EndProject
Global
	GlobalSection(SolutionConfigurationPlatforms) = preSolution
		Debug|Any CPU = Debug|Any CPU
		Release|Any CPU = Release|Any CPU
	EndGlobalSection
	GlobalSection(ProjectConfigurationPlatforms) = postSolution
		{67ED64B1-11CC-4C27-B2CB-4DEF00BA959F}.Debug|Any CPU.ActiveCfg = Debug|Any CPU
		{67ED64B1-11CC-4C27-B2CB-4DEF00BA959F}.Debug|Any CPU.Build.0 = Debug|Any CPU
		{67ED64B1-11CC-4C27-B2CB-4DEF00BA959F}.Release|Any CPU.ActiveCfg = Release|Any CPU
		{67ED64B1-11CC-4C27-B2CB-4DEF00BA959F}.Release|Any CPU.Build.0 = Release|Any CPU
	EndGlobalSection
EndGlobal
